
Microsoft Visual Studio Solution File, Format Version 12.00
# Visual Studio Version 17
VisualStudioVersion = 17.0.31903.59
MinimumVisualStudioVersion = 10.0.40219.1
Project("{9A19103F-16F7-4668-BE54-9A1E7A4F7556}") = "ProjectManagerUI", "ProjectManager\ProjectManagerUI.csproj", "{C76D7402-3B72-4587-82AD-6672BFCA7A92}"
EndProject
Project("{00D1A9C2-B5F0-4AF3-8072-F6C62B433612}") = "PMDatabase", "PMDatabase\PMDatabase.sqlproj", "{AB7E254F-27AE-47D2-A72C-2686FEC3933F}"
EndProject
Project("{FAE04EC0-301F-11D3-BF4B-00C04F79EFBC}") = "ProjectManager.Library", "ProjectManager.Library\ProjectManager.Library.csproj", "{D09316FA-D964-4D1C-B22A-C72DFA48C2DB}"
EndProject
Global
	GlobalSection(SolutionConfigurationPlatforms) = preSolution
		Debug|Any CPU = Debug|Any CPU
		Release|Any CPU = Release|Any CPU
	EndGlobalSection
	GlobalSection(ProjectConfigurationPlatforms) = postSolution
		{C76D7402-3B72-4587-82AD-6672BFCA7A92}.Debug|Any CPU.ActiveCfg = Debug|Any CPU
		{C76D7402-3B72-4587-82AD-6672BFCA7A92}.Debug|Any CPU.Build.0 = Debug|Any CPU
		{C76D7402-3B72-4587-82AD-6672BFCA7A92}.Release|Any CPU.ActiveCfg = Release|Any CPU
		{C76D7402-3B72-4587-82AD-6672BFCA7A92}.Release|Any CPU.Build.0 = Release|Any CPU
		{AB7E254F-27AE-47D2-A72C-2686FEC3933F}.Debug|Any CPU.ActiveCfg = Debug|Any CPU
		{AB7E254F-27AE-47D2-A72C-2686FEC3933F}.Debug|Any CPU.Build.0 = Debug|Any CPU
		{AB7E254F-27AE-47D2-A72C-2686FEC3933F}.Debug|Any CPU.Deploy.0 = Debug|Any CPU
		{AB7E254F-27AE-47D2-A72C-2686FEC3933F}.Release|Any CPU.ActiveCfg = Release|Any CPU
		{AB7E254F-27AE-47D2-A72C-2686FEC3933F}.Release|Any CPU.Build.0 = Release|Any CPU
		{AB7E254F-27AE-47D2-A72C-2686FEC3933F}.Release|Any CPU.Deploy.0 = Release|Any CPU
		{D09316FA-D964-4D1C-B22A-C72DFA48C2DB}.Debug|Any CPU.ActiveCfg = Debug|Any CPU
		{D09316FA-D964-4D1C-B22A-C72DFA48C2DB}.Debug|Any CPU.Build.0 = Debug|Any CPU
		{D09316FA-D964-4D1C-B22A-C72DFA48C2DB}.Release|Any CPU.ActiveCfg = Release|Any CPU
		{D09316FA-D964-4D1C-B22A-C72DFA48C2DB}.Release|Any CPU.Build.0 = Release|Any CPU
	EndGlobalSection
	GlobalSection(SolutionProperties) = preSolution
		HideSolutionNode = FALSE
	EndGlobalSection
	GlobalSection(ExtensibilityGlobals) = postSolution
		SolutionGuid = {F8331FF1-BFD5-4F05-B9C4-29D2C94B1FC2}
	EndGlobalSection
EndGlobal
